58f8da642d6a018172582e891fe8f3216176b0c8bbaaf9c50d46355012484e5f  lib/tagged.cyr
ffe2616ede848b553dbe44b82f96929b209910f9c747c76062e1a1b30446c8ce  lib/syscalls_macos.cyr
90d01355e0fd6e0e621d38d418e9ac1095b1efcf7e94c9b5e7b78603727c2e1b  lib/mmap.cyr
90c3f21da4cf686e7f3d7038ed43ed9710cb7b1248c0792245e761c18f45451c  lib/dynlib.cyr
f7852e63d5d26359956b455f270a138a80ca4de1bc00ba4cd3fa56c346b9a139  lib/str.cyr
541a436ad689b82d7bac4cbb83467222f39c5a02cb66f9bdc47ea59b073c664e  lib/alloc_macos.cyr
a063ccfe451521fd41d923cab5a94b81ed7a1d5305598bcca969b14c4c291b1d  lib/samvada.cyr
470447fd0e2a502994008edbed1fa34b81e5697995afb82cb28e45b88bab2c75  lib/sakshi.cyr
ff14f0d7999956754937f612c0aa60719c138f0967a81019cf99e08aae088087  lib/string.cyr
8e2296604d66d1a592b7fa991072b97ff8d826fb82362a499b4aeec90619263c  lib/alloc.cyr
09220dc4ea43fd66fd3dfc218795ec0b0f675287cd24458a42e93343a62b1aaa  lib/syscalls_x86_64_linux.cyr
150bb9efad587ae139d8df81d62c7578c8ab20d3c6964004908929657b597c12  lib/fmt.cyr
db0d2daba9fbdbcf3beb97dd1e0640616c22474eb9b1d0c232dabe4521c46447  lib/args.cyr
f0109c07dcd5750fe26597e01be6cb7d2a0ad161ed740dfc0b254500f821cf63  lib/syscalls.cyr
6e36b746b66ad8937f4273cbcb2f51347e538687d6b419c28ea15d9239005ad4  lib/alloc_windows.cyr
a15828882069497bdd82142d709c932b229f498a89e9f7d689c80a8868c29222  lib/syscalls_aarch64_linux.cyr
c2009b15d382fbe80366feb8c0a070a3a711b2e3fc40604bddcb77edc3ef1520  lib/vec.cyr
a9b4daf3511b905965bf9b99e31d51ef54993fc8c3ad961d9122ac97719a4f18  lib/io.cyr
986664e1a80a4b80cb1cb7250c4b7b24c88dba3a3d2157783701c04a7ccbabc9  lib/hashmap.cyr
76276b98b431e30b49168d4af8d5efdd428dde8c7114351e8d575e0abc3992ab  lib/fnptr.cyr
c687ff6f4784ca309c119c97de1c3f730e0da9e36d2cc82fbaaaeedc1da76027  lib/syscalls_windows.cyr
ad939696ad226c1c0ce55caf8ba4468e9e2f44be3af2792b35fb66c288986026  lib/syscalls_linux_common.cyr
3e6a51c92ce95d733362faa4819a3c2487f6aaeaa4d125b0b88921479696a4fa  lib/args_macos.cyr
55ffe9a910b214a8dd6fcafce5ee1ba5c86ff8e4f7d79f9c32068019bd013c71  lib/result.cyr
