commit	35beb1b3d785ab3760bfda61c17d81c3827ba23e	samvada	https://github.com/MacCracken/samvada.git	0.4.1
commit	f8410258046a09015e61e8b2d0fc63c23cd7fde8	chitra	https://github.com/MacCracken/chitra.git	0.3.0
d9f3b17ddbbe1bba48917c3a679807b01c39c4a1ce776efdbdfbb7a1680e86e4  lib/tagged.cyr
bffba3143adaa5628e8bc086881dcb2e672351948d8c2569a23d73a749e98afd  lib/syscalls_macos.cyr
1f37b1a26c04b67b76191282bde9f4a2b3129286afaa9671f603e89f95be1006  lib/mmap.cyr
f13dde26ce0a3509dec70fe0d0965ec784dfda55a9f54730eb1762a8c7f1fc96  lib/dynlib.cyr
8a3e4378e75eefbf7e6d8d098449dbe909f9b9b80a2a72624adb250eb4335c09  lib/str.cyr
69e92cc4b67f1a936f94c92ce8a4c66673758b84dba385e96fbeaa46fa692b4c  lib/alloc_agnos.cyr
0fae623f8222437153ba38bb9a33c39ee3e93afda022da5ac79e9431b96f0644  lib/thread_agnos.cyr
03922b263b4a771d7104c6dcc30b4b029c6fe40ec93fec6a0ee38ec61f7e7dd8  lib/alloc_macos.cyr
27c9752b70e797b43d30204e5077749526144495ba7021b1272067f3236d81f9  lib/args_agnos.cyr
e87e39f4d6a93c40d8843d55c521eed71a83678f526013d0e9bbc75e1252e2d5  lib/samvada.cyr
ac55a4ff22d49ccf6c44893be077e1c824825aed845d82c04767f4f87c29d6da  lib/sync_macos.cyr
8f87645631375092fe67fdaa95175f97a753f2cbbb3df75fd7fd8b5273cc8eab  lib/sakshi.cyr
7b045871f231519e65f28a4b7abfbae6dd8e586ce03053fd367b3a119e8303c9  lib/atomic.cyr
ff14f0d7999956754937f612c0aa60719c138f0967a81019cf99e08aae088087  lib/string.cyr
29e89f51e2f612e8890afe18d9d9609e8e81dbc473a13a4131157167ca8f4c68  lib/alloc.cyr
4d5d34299efba86c8c6895fcdd474ff25bcb5e1a9fc4bab1b976e52972e54f24  lib/syscalls_x86_64_linux.cyr
caed2eedbfc8f46c326bea23ab2589e851af66c29a9242379f5bccd65dcd96c4  lib/syscalls_x86_64_agnos.cyr
3073d5cee65bfccbd19d17412db80d3d9b91cb97d3d742476d3f4bf58246c29f  lib/fmt.cyr
619f0bce74b6b1ec0acf8ce3ed6839fe0a7c043bf16af6bae4e06f5e492af874  lib/args.cyr
af3dc72c3e2d0f94ea4d4a6bdeb60963cd36e7849b7ccf06299bf5c616de7100  lib/sync_windows.cyr
f9b5931a668acb2b08aa2a4b5a2396f551e0824405c155222015bdd4baa8cd81  lib/syscalls.cyr
d5d3bfde91037c8038955adc5bfab4d17cc95c49c970757d360d89bcfcf3d92d  lib/thread_local.cyr
299c2c7e203b339a6b97d3ab88d15f3465d72bda018c61e6951819eabd7cc018  lib/alloc_windows.cyr
69129bbd84594fedbdc573c5e6ae2d53a4553aec0d86381d73c959ef6f3c1d4c  lib/thread_win.cyr
87bf220a695d391bbeb622cfcaa2b962e4d31b197750216afef915b533e4903e  lib/thread.cyr
f7b9d52f29de6d3d633962ccc765a76637091a7256eebc1da5547530eed2c44b  lib/args_win.cyr
6b741e6344246eccd42b940f77d396d0c1a4a24234b51e42a746a3b905ef3f8b  lib/syscalls_aarch64_linux.cyr
af6406c5441c886c3117748e1ae319952268c61e6ad5418d3445fb808e3c0ce2  lib/sankoch.cyr
19bcb006802c5d158ce1b9e0090a07da7e4d1092236f9850c61ebcbf294021c4  lib/vec.cyr
20861c1fc30e6aceee031b06ef7d3f2204f5994ca8f02e594655e7279073bb91  lib/io.cyr
e5c01430c59451f1e4e75e371b7c5d25cbf3b4b02f2eb30e680358bbb809ffbb  lib/sync.cyr
9fd6444e8cfcf7950837e955473adc5bab6d7bf4fa2c15f8ce2578360c4100eb  lib/hashmap.cyr
f39294af5dc32bec02ec7d2204ca82033abe4f4bafc78e9be792eb178132e244  lib/fnptr.cyr
6e8bc55249520244d814a2460e3984576466fb220fd2053ed5d6b5c8e535e757  lib/syscalls_windows.cyr
5d7693ee2bd3e92282591305f69eed792e46285b17017998cdacd44b86e64124  lib/syscalls_linux_common.cyr
99f96283da419ad9f01d076269411c3d5214b6007a92d1bbe2356ab906a5d1a1  lib/args_macos.cyr
519e92f8a529cdbdb5e51339b9c26209a1ace3413c3c3633e8650f0c4fb18336  lib/chitra.cyr
bf99f1f02ef990694c35be2f27fdaf3ec06ee9c3a546f4c8f9e06970f90fb9c1  lib/result.cyr
