commit	35beb1b3d785ab3760bfda61c17d81c3827ba23e	samvada	https://github.com/MacCracken/samvada.git	0.4.1
commit	f8410258046a09015e61e8b2d0fc63c23cd7fde8	chitra	https://github.com/MacCracken/chitra.git	0.3.0
d9f3b17ddbbe1bba48917c3a679807b01c39c4a1ce776efdbdfbb7a1680e86e4  lib/tagged.cyr
829cc6278734db222278a4870d20d1f6ea357d51a5951d04fe9a35890e99cf45  lib/syscalls_macos.cyr
1f37b1a26c04b67b76191282bde9f4a2b3129286afaa9671f603e89f95be1006  lib/mmap.cyr
f13dde26ce0a3509dec70fe0d0965ec784dfda55a9f54730eb1762a8c7f1fc96  lib/dynlib.cyr
8a3e4378e75eefbf7e6d8d098449dbe909f9b9b80a2a72624adb250eb4335c09  lib/str.cyr
69e92cc4b67f1a936f94c92ce8a4c66673758b84dba385e96fbeaa46fa692b4c  lib/alloc_agnos.cyr
6481131d6647da9432f3dffe2ea2891ad2dfca2224e09d638bf1bb530113a168  lib/thread_agnos.cyr
03922b263b4a771d7104c6dcc30b4b029c6fe40ec93fec6a0ee38ec61f7e7dd8  lib/alloc_macos.cyr
27c9752b70e797b43d30204e5077749526144495ba7021b1272067f3236d81f9  lib/args_agnos.cyr
e87e39f4d6a93c40d8843d55c521eed71a83678f526013d0e9bbc75e1252e2d5  lib/samvada.cyr
ac55a4ff22d49ccf6c44893be077e1c824825aed845d82c04767f4f87c29d6da  lib/sync_macos.cyr
fef4873fa425a431e25ed77409ee4dde92d4fc07fe1df76af336ab74d63d8b11  lib/sakshi.cyr
7b045871f231519e65f28a4b7abfbae6dd8e586ce03053fd367b3a119e8303c9  lib/atomic.cyr
ff14f0d7999956754937f612c0aa60719c138f0967a81019cf99e08aae088087  lib/string.cyr
29e89f51e2f612e8890afe18d9d9609e8e81dbc473a13a4131157167ca8f4c68  lib/alloc.cyr
da92da21115c2af2eb4fd2638db8f3186d9ea70a2deff0ff16e9b7077b50cf5b  lib/syscalls_x86_64_linux.cyr
8e89b1dd8d3aea9d3fdfe00e59e2884e8812276df9b1e5010d127fd12749579b  lib/syscalls_x86_64_agnos.cyr
150bb9efad587ae139d8df81d62c7578c8ab20d3c6964004908929657b597c12  lib/fmt.cyr
619f0bce74b6b1ec0acf8ce3ed6839fe0a7c043bf16af6bae4e06f5e492af874  lib/args.cyr
af3dc72c3e2d0f94ea4d4a6bdeb60963cd36e7849b7ccf06299bf5c616de7100  lib/sync_windows.cyr
f9b5931a668acb2b08aa2a4b5a2396f551e0824405c155222015bdd4baa8cd81  lib/syscalls.cyr
d496ea7657da7cd7275c4cccbcbc5422adc79e43d513a065fcda86bf23a87384  lib/thread_local.cyr
299c2c7e203b339a6b97d3ab88d15f3465d72bda018c61e6951819eabd7cc018  lib/alloc_windows.cyr
21ed1fcce7fcc4168e5bc0eb6224da1e26390dbc617ff48c68bacb8e4722cedb  lib/thread_win.cyr
8e145095d964ff515afe448aacdea404d7def8170091f8b31071921c191e901a  lib/thread.cyr
f7b9d52f29de6d3d633962ccc765a76637091a7256eebc1da5547530eed2c44b  lib/args_win.cyr
74d6c8747f4592de8d4f9e2a7937dda77399494df7968d4279e375871ec096d6  lib/syscalls_aarch64_linux.cyr
20248dfb69f4d24d6cbd25fcd58669a1dec1dc3b68deb3de47cedcd3a35bca72  lib/sankoch.cyr
19bcb006802c5d158ce1b9e0090a07da7e4d1092236f9850c61ebcbf294021c4  lib/vec.cyr
88b4d980fc9df67c66e2c68dff37131368e1153f4048863a823153291b491691  lib/io.cyr
e5c01430c59451f1e4e75e371b7c5d25cbf3b4b02f2eb30e680358bbb809ffbb  lib/sync.cyr
9fd6444e8cfcf7950837e955473adc5bab6d7bf4fa2c15f8ce2578360c4100eb  lib/hashmap.cyr
f39294af5dc32bec02ec7d2204ca82033abe4f4bafc78e9be792eb178132e244  lib/fnptr.cyr
4b4c166ac62e9f018c1e0d42d0f115a22cb494e83fbbf6118ec481d01975e155  lib/syscalls_windows.cyr
eabdcda355ce4f5d8f2bc634b0681444581a717dc8ca9e3ddb15617c2957c7c1  lib/syscalls_linux_common.cyr
99f96283da419ad9f01d076269411c3d5214b6007a92d1bbe2356ab906a5d1a1  lib/args_macos.cyr
519e92f8a529cdbdb5e51339b9c26209a1ace3413c3c3633e8650f0c4fb18336  lib/chitra.cyr
bf99f1f02ef990694c35be2f27fdaf3ec06ee9c3a546f4c8f9e06970f90fb9c1  lib/result.cyr
